
Microsoft Visual Studio Solution File, Format Version 12.00
# Visual Studio Version 17
VisualStudioVersion = 17.9.34723.18
MinimumVisualStudioVersion = 10.0.40219.1
Project("{FAE04EC0-301F-11D3-BF4B-00C04F79EFBC}") = "Property", "Property.csproj", "{D8776A48-E3C4-416D-A08E-F81F0E656788}"
EndProject
Global
	GlobalSection(SolutionConfigurationPlatforms) = preSolution
		Debug|Any CPU = Debug|Any CPU
		Release|Any CPU = Release|Any CPU
	EndGlobalSection
	GlobalSection(ProjectConfigurationPlatforms) = postSolution
		{D8776A48-E3C4-416D-A08E-F81F0E656788}.Debug|Any CPU.ActiveCfg = Debug|Any CPU
		{D8776A48-E3C4-416D-A08E-F81F0E656788}.Debug|Any CPU.Build.0 = Debug|Any CPU
		{D8776A48-E3C4-416D-A08E-F81F0E656788}.Release|Any CPU.ActiveCfg = Release|Any CPU
		{D8776A48-E3C4-416D-A08E-F81F0E656788}.Release|Any CPU.Build.0 = Release|Any CPU
	EndGlobalSection
	GlobalSection(SolutionProperties) = preSolution
		HideSolutionNode = FALSE
	EndGlobalSection
	GlobalSection(ExtensibilityGlobals) = postSolution
		SolutionGuid = {4511C4BD-9361-4AAB-873D-FF2752FB78F9}
	EndGlobalSection
EndGlobal
